<?xml version="1.0" encoding="UTF-8" standalone="yes" ?>
<CodeBlocks_project_file>
	<FileVersion major="1" minor="6" />
	<Project>
		<Option title="nce" />
		<Option makefile="makefile" />
		<Option pch_mode="2" />
		<Option compiler="gcc" />
		<Build>
			<Target title="Debug">
				<Option output="bin\Debug\nce" prefix_auto="1" extension_auto="1" />
				<Option object_output="obj\Debug\" />
				<Option type="1" />
				<Option compiler="gcc" />
				<Compiler>
					<Add option="-g" />
				</Compiler>
			</Target>
			<Target title="Release">
				<Option output="bin\Release\nce" prefix_auto="1" extension_auto="1" />
				<Option object_output="obj\Release\" />
				<Option type="1" />
				<Option compiler="gcc" />
				<Compiler>
					<Add option="-O2" />
				</Compiler>
				<Linker>
					<Add option="-s" />
				</Linker>
			</Target>
		</Build>
		<Compiler>
			<Add option="-Wall" />
			<Add option="-fexceptions" />
		</Compiler>
		<Unit filename="CAnyValue.cpp" />
		<Unit filename="CAnyValue.h" />
		<Unit filename="CBitMap.h" />
		<Unit filename="CCommMgr.cpp" />
		<Unit filename="CCommMgr.h" />
		<Unit filename="CConfig.cpp" />
		<Unit filename="CConfig.h" />
		<Unit filename="CEvent.cpp" />
		<Unit filename="CEvent.h" />
		<Unit filename="CFIFOBuffer.cpp" />
		<Unit filename="CFIFOBuffer.h" />
		<Unit filename="CFIFOBufferByHead.h" />
		<Unit filename="CFileLog.cpp" />
		<Unit filename="CFileLog.h" />
		<Unit filename="CH2ShortT3PackageFilter.h" />
		<Unit filename="CHashMap.h" />
		<Unit filename="CHttpPackageFilter.h" />
		<Unit filename="CHttpParser.cpp" />
		<Unit filename="CHttpParser.h" />
		<Unit filename="CHttpResponse.cpp" />
		<Unit filename="CHttpResponse.h" />
		<Unit filename="CLock.h" />
		<Unit filename="CLog.cpp" />
		<Unit filename="CLog.h" />
		<Unit filename="CPackage.h" />
		<Unit filename="CPackageFilter.h" />
		<Unit filename="CRawPackageFilter.h" />
		<Unit filename="CRegExp.h" />
		<Unit filename="CShm.h" />
		<Unit filename="CShmArray.h" />
		<Unit filename="CSocketBuf.h" />
		<Unit filename="CTask.cpp" />
		<Unit filename="CTask.h" />
		<Unit filename="CThread.cpp" />
		<Unit filename="CThread.h" />
		<Unit filename="Utils.cpp" />
		<Unit filename="Utils.h" />
		<Unit filename="lce.h" />
		<Unit filename="nce.h" />
		<Extensions>
			<code_completion />
			<debugger />
			<DoxyBlocks>
				<comment_style block="0" line="0" />
				<doxyfile_project />
				<doxyfile_build />
				<doxyfile_warnings />
				<doxyfile_output />
				<doxyfile_dot />
				<general />
			</DoxyBlocks>
			<envvars />
		</Extensions>
	</Project>
</CodeBlocks_project_file>
